
Microsoft Visual Studio Solution File, Format Version 12.00
# Visual Studio Version 17
VisualStudioVersion = 17.1.32421.90
MinimumVisualStudioVersion = 10.0.40219.1
Project("{2150E333-8FDC-42A3-9474-1A3956D46DE8}") = ".items", ".items", "{B49D70E5-13A6-4DC3-A033-144B46D40D06}"
	ProjectSection(SolutionItems) = preProject
		.gitignore = .gitignore
		build.js = build.js
		LICENSE = LICENSE
		README.md = README.md
	EndProjectSection
EndProject
Project("{2150E333-8FDC-42A3-9474-1A3956D46DE8}") = "src", "src", "{80D638B3-D11B-4A29-8F10-D6ED2A3C2C0D}"
EndProject
Project("{9A19103F-16F7-4668-BE54-9A1E7A4F7556}") = "Fluxera.HttpStatusCodes", "src\Fluxera.HttpStatusCodes\Fluxera.HttpStatusCodes.csproj", "{954AC546-8A99-4790-9854-D8CE8CA094B8}"
EndProject
Project("{2150E333-8FDC-42A3-9474-1A3956D46DE8}") = "contents", "contents", "{64EB1846-F5F5-45CB-9986-C93C7CB64EFE}"
	ProjectSection(SolutionItems) = preProject
		contents\error-404.md = contents\error-404.md
		contents\error-500.md = contents\error-500.md
		contents\favicon.ico = contents\favicon.ico
		contents\index.md = contents\index.md
		contents\open-sans-regular.woff = contents\open-sans-regular.woff
		contents\robots.txt = contents\robots.txt
		contents\source-code-pro-700.woff = contents\source-code-pro-700.woff
		contents\style.scss = contents\style.scss
	EndProjectSection
EndProject
Project("{2150E333-8FDC-42A3-9474-1A3956D46DE8}") = "codes", "codes", "{DEF8C103-4A53-46DE-94CC-1B39823B0F7B}"
	ProjectSection(SolutionItems) = preProject
		contents\codes\100.md = contents\codes\100.md
		contents\codes\101.md = contents\codes\101.md
		contents\codes\102.md = contents\codes\102.md
		contents\codes\103.md = contents\codes\103.md
		contents\codes\200.md = contents\codes\200.md
		contents\codes\201.md = contents\codes\201.md
		contents\codes\202.md = contents\codes\202.md
		contents\codes\203.md = contents\codes\203.md
		contents\codes\204.md = contents\codes\204.md
		contents\codes\205.md = contents\codes\205.md
		contents\codes\206.md = contents\codes\206.md
		contents\codes\207.md = contents\codes\207.md
		contents\codes\208.md = contents\codes\208.md
		contents\codes\226.md = contents\codes\226.md
		contents\codes\300.md = contents\codes\300.md
		contents\codes\301.md = contents\codes\301.md
		contents\codes\302.md = contents\codes\302.md
		contents\codes\303.md = contents\codes\303.md
		contents\codes\304.md = contents\codes\304.md
		contents\codes\305.md = contents\codes\305.md
		contents\codes\307.md = contents\codes\307.md
		contents\codes\308.md = contents\codes\308.md
		contents\codes\400.md = contents\codes\400.md
		contents\codes\401.md = contents\codes\401.md
		contents\codes\402.md = contents\codes\402.md
		contents\codes\403.md = contents\codes\403.md
		contents\codes\404.md = contents\codes\404.md
		contents\codes\405.md = contents\codes\405.md
		contents\codes\406.md = contents\codes\406.md
		contents\codes\407.md = contents\codes\407.md
		contents\codes\408.md = contents\codes\408.md
		contents\codes\409.md = contents\codes\409.md
		contents\codes\410.md = contents\codes\410.md
		contents\codes\411.md = contents\codes\411.md
		contents\codes\412.md = contents\codes\412.md
		contents\codes\413.md = contents\codes\413.md
		contents\codes\414.md = contents\codes\414.md
		contents\codes\415.md = contents\codes\415.md
		contents\codes\416.md = contents\codes\416.md
		contents\codes\417.md = contents\codes\417.md
		contents\codes\418.md = contents\codes\418.md
		contents\codes\421.md = contents\codes\421.md
		contents\codes\422.md = contents\codes\422.md
		contents\codes\423.md = contents\codes\423.md
		contents\codes\424.md = contents\codes\424.md
		contents\codes\426.md = contents\codes\426.md
		contents\codes\428.md = contents\codes\428.md
		contents\codes\429.md = contents\codes\429.md
		contents\codes\431.md = contents\codes\431.md
		contents\codes\444.md = contents\codes\444.md
		contents\codes\451.md = contents\codes\451.md
		contents\codes\499.md = contents\codes\499.md
		contents\codes\500.md = contents\codes\500.md
		contents\codes\501.md = contents\codes\501.md
		contents\codes\502.md = contents\codes\502.md
		contents\codes\503.md = contents\codes\503.md
		contents\codes\504.md = contents\codes\504.md
		contents\codes\505.md = contents\codes\505.md
		contents\codes\506.md = contents\codes\506.md
		contents\codes\507.md = contents\codes\507.md
		contents\codes\508.md = contents\codes\508.md
		contents\codes\510.md = contents\codes\510.md
		contents\codes\511.md = contents\codes\511.md
		contents\codes\599.md = contents\codes\599.md
		contents\codes\classes.json = contents\codes\classes.json
	EndProjectSection
EndProject
Global
	GlobalSection(SolutionConfigurationPlatforms) = preSolution
		Debug|Any CPU = Debug|Any CPU
		Release|Any CPU = Release|Any CPU
	EndGlobalSection
	GlobalSection(ProjectConfigurationPlatforms) = postSolution
		{954AC546-8A99-4790-9854-D8CE8CA094B8}.Debug|Any CPU.ActiveCfg = Debug|Any CPU
		{954AC546-8A99-4790-9854-D8CE8CA094B8}.Debug|Any CPU.Build.0 = Debug|Any CPU
		{954AC546-8A99-4790-9854-D8CE8CA094B8}.Release|Any CPU.ActiveCfg = Release|Any CPU
		{954AC546-8A99-4790-9854-D8CE8CA094B8}.Release|Any CPU.Build.0 = Release|Any CPU
	EndGlobalSection
	GlobalSection(SolutionProperties) = preSolution
		HideSolutionNode = FALSE
	EndGlobalSection
	GlobalSection(NestedProjects) = preSolution
		{954AC546-8A99-4790-9854-D8CE8CA094B8} = {80D638B3-D11B-4A29-8F10-D6ED2A3C2C0D}
		{64EB1846-F5F5-45CB-9986-C93C7CB64EFE} = {B49D70E5-13A6-4DC3-A033-144B46D40D06}
		{DEF8C103-4A53-46DE-94CC-1B39823B0F7B} = {64EB1846-F5F5-45CB-9986-C93C7CB64EFE}
	EndGlobalSection
	GlobalSection(ExtensibilityGlobals) = postSolution
		SolutionGuid = {D19EE1DD-5769-4236-9D2E-1B5DE213EAD7}
	EndGlobalSection
EndGlobal
